
Microsoft Visual Studio Solution File, Format Version 12.00
# Visual Studio Version 17
VisualStudioVersion = 17.12.35527.113
MinimumVisualStudioVersion = 10.0.40219.1
Project("{FAE04EC0-301F-11D3-BF4B-00C04F79EFBC}") = "ConnectionProject", "ConnectionProject\ConnectionProject.csproj", "{B58053D7-202D-482B-AB07-9F74B088FA36}"
EndProject
Project("{FAE04EC0-301F-11D3-BF4B-00C04F79EFBC}") = "DAL", "DAL\DAL.csproj", "{3E9D3517-3DA9-46F3-B90A-E5FEF4765EEE}"
EndProject
Global
	GlobalSection(SolutionConfigurationPlatforms) = preSolution
		Debug|Any CPU = Debug|Any CPU
		Release|Any CPU = Release|Any CPU
	EndGlobalSection
	GlobalSection(ProjectConfigurationPlatforms) = postSolution
		{B58053D7-202D-482B-AB07-9F74B088FA36}.Debug|Any CPU.ActiveCfg = Debug|Any CPU
		{B58053D7-202D-482B-AB07-9F74B088FA36}.Debug|Any CPU.Build.0 = Debug|Any CPU
		{B58053D7-202D-482B-AB07-9F74B088FA36}.Release|Any CPU.ActiveCfg = Release|Any CPU
		{B58053D7-202D-482B-AB07-9F74B088FA36}.Release|Any CPU.Build.0 = Release|Any CPU
		{3E9D3517-3DA9-46F3-B90A-E5FEF4765EEE}.Debug|Any CPU.ActiveCfg = Debug|Any CPU
		{3E9D3517-3DA9-46F3-B90A-E5FEF4765EEE}.Debug|Any CPU.Build.0 = Debug|Any CPU
		{3E9D3517-3DA9-46F3-B90A-E5FEF4765EEE}.Release|Any CPU.ActiveCfg = Release|Any CPU
		{3E9D3517-3DA9-46F3-B90A-E5FEF4765EEE}.Release|Any CPU.Build.0 = Release|Any CPU
	EndGlobalSection
	GlobalSection(SolutionProperties) = preSolution
		HideSolutionNode = FALSE
	EndGlobalSection
EndGlobal
